
Microsoft Visual Studio Solution File, Format Version 12.00
# Visual Studio Version 17
VisualStudioVersion = 17.9.34728.123
MinimumVisualStudioVersion = 10.0.40219.1
Project("{9A19103F-16F7-4668-BE54-9A1E7A4F7556}") = "KoiFarmShop", "KoiFarmShop\KoiFarmShop.csproj", "{1790E860-E451-4086-9E84-A35692D3E8C3}"
EndProject
Project("{FAE04EC0-301F-11D3-BF4B-00C04F79EFBC}") = "KoiFarmShop.DAL", "KoiFarmShop.DAL\KoiFarmShop.DAL.csproj", "{C3B755FF-0288-4604-A4C5-AF456BD9784D}"
EndProject
Project("{FAE04EC0-301F-11D3-BF4B-00C04F79EFBC}") = "KoiFarmShop.BLL", "KoiFarmShop.BLL\KoiFarmShop.BLL.csproj", "{2F3D67C3-1A21-41EE-B7A9-6E21CD02CF57}"
EndProject
Global
	GlobalSection(SolutionConfigurationPlatforms) = preSolution
		Debug|Any CPU = Debug|Any CPU
		Release|Any CPU = Release|Any CPU
	EndGlobalSection
	GlobalSection(ProjectConfigurationPlatforms) = postSolution
		{1790E860-E451-4086-9E84-A35692D3E8C3}.Debug|Any CPU.ActiveCfg = Debug|Any CPU
		{1790E860-E451-4086-9E84-A35692D3E8C3}.Debug|Any CPU.Build.0 = Debug|Any CPU
		{1790E860-E451-4086-9E84-A35692D3E8C3}.Release|Any CPU.ActiveCfg = Release|Any CPU
		{1790E860-E451-4086-9E84-A35692D3E8C3}.Release|Any CPU.Build.0 = Release|Any CPU
		{C3B755FF-0288-4604-A4C5-AF456BD9784D}.Debug|Any CPU.ActiveCfg = Debug|Any CPU
		{C3B755FF-0288-4604-A4C5-AF456BD9784D}.Debug|Any CPU.Build.0 = Debug|Any CPU
		{C3B755FF-0288-4604-A4C5-AF456BD9784D}.Release|Any CPU.ActiveCfg = Release|Any CPU
		{C3B755FF-0288-4604-A4C5-AF456BD9784D}.Release|Any CPU.Build.0 = Release|Any CPU
		{2F3D67C3-1A21-41EE-B7A9-6E21CD02CF57}.Debug|Any CPU.ActiveCfg = Debug|Any CPU
		{2F3D67C3-1A21-41EE-B7A9-6E21CD02CF57}.Debug|Any CPU.Build.0 = Debug|Any CPU
		{2F3D67C3-1A21-41EE-B7A9-6E21CD02CF57}.Release|Any CPU.ActiveCfg = Release|Any CPU
		{2F3D67C3-1A21-41EE-B7A9-6E21CD02CF57}.Release|Any CPU.Build.0 = Release|Any CPU
	EndGlobalSection
	GlobalSection(SolutionProperties) = preSolution
		HideSolutionNode = FALSE
	EndGlobalSection
	GlobalSection(ExtensibilityGlobals) = postSolution
		SolutionGuid = {6D677149-F1E9-4CDA-9FF4-F87A5971D52B}
	EndGlobalSection
EndGlobal
